<Solution>
  <Folder Name="/Chapter15/">
    <Project Path="chapter15/t1_Task/t1_Task.csproj" />
    <Project Path="chapter15/t2_Task/t2_Task.csproj" />
    <Project Path="chapter15/t3_ContinueWith/t3_ContinueWith.csproj" Id="8b5818dc-4d1a-435c-970d-e848fe898ab8" />
    <Project Path="chapter15/t4_Parallel/t4_Parallel.csproj" Id="c8c6aea5-1312-4c9b-b546-4c5d0b344e1a" />
    <Project Path="chapter15/t5_CancellationToken/t5_CancellationToken.csproj" Id="265ddd41-23a1-4cec-bbd3-aac3da12205f" />
  </Folder>
  <Folder Name="/Chapter16/">
    <Project Path="chapter16/t1_AsyncAwait/t1_AsyncAwait.csproj" Id="b900eddc-45c0-49f1-8cb9-202bececa20e" />
    <Project Path="chapter16/t2_AsyncResult/t2_AsyncResult.csproj" Id="98c26d6c-1513-4116-bd14-929a1413a1a1" />
    <Project Path="chapter16/t3_TaskWhenAllAny/t3_TaskWhenAllAny.csproj" Id="a004082a-93ed-46f6-891f-0ab0a15bb716" />
    <Project Path="chapter16/t4_TryAwait/t4_TryAwait.csproj" Id="1460b7b6-a5b7-4c76-9722-89e128c62835" />
    <Project Path="chapter16/t5_IAsyncEnumerable/t5_IAsyncEnumerable.csproj" Id="3164dcad-f400-4fd8-8b13-082f58122b60" />
  </Folder>
  <Folder Name="/Chapter17/">
    <Project Path="chapter17/t1_LINQ/t1_LINQ.csproj" Id="67857907-6aa4-4640-8cc4-f6459af894f5" />
    <Project Path="chapter17/t2_LINQ/t2_LINQ.csproj" Id="30231471-719e-4854-bdda-42f5658544a5" />
    <Project Path="chapter17/t3_LINQ/t3_LINQ.csproj" Id="8967145d-133a-4f2b-8bd5-1c175aae56b4" />
    <Project Path="chapter17/t4_LINQ_OrderBy/t4_LINQ_OrderBy.csproj" Id="7623eac5-c3bb-4c86-b215-3e8cb1d68d7c" />
    <Project Path="chapter17/t5_LINQ_Union/t5_LINQ_Union.csproj" Id="573e755d-51bd-44b3-820c-fdde2a7c41ae" />
    <Project Path="chapter17/t6_LINQ_Aggregate/t6_LINQ_Aggregate.csproj" Id="683686a1-0ec5-4ccd-9f34-f2ccc90efb03" />
    <Project Path="chapter17/t7_LINQ_Skip/t7_LINQ_Skip.csproj" Id="0e5b843d-cd0f-40e4-b4bf-cf6f634b33fe" />
    <Project Path="chapter17/t8_LINQ_GroupBy/t8_LINQ_GroupBy.csproj" Id="3dd92867-2a80-4ce2-b0e7-f567aee107f2" />
  </Folder>
  <Folder Name="/Элементы решения/">
    <File Path="gitCommands.txt" />
    <Project Path="Test/Test.csproj" Id="020453aa-bca7-4194-82f8-a050ffd406c5" />
  </Folder>
</Solution>
